%{
  "argv": {:hex, :argv, "1.0.2", "50931851d35800467044a88c187b9d3d0c45b51a6859f1aca8eea279d726bc0e", [:gleam], [], "hexpm", "ba1ff0929525deba1ce67256e5adf77a7cddfe729e3e3f57a5bdcaa031ded09d"},
  "birl": {:hex, :birl, "1.8.0", "9deec0fd6738615ea29986f47d3741faadb1de138b2de8c1f1bd96270f241128", [:gleam], [{:gleam_regexp, ">= 1.0.0 and < 2.0.0", [hex: :gleam_regexp, repo: "hexpm", optional: false]}, {:gleam_stdlib, ">= 0.48.0 and < 2.0.0", [hex: :gleam_stdlib, repo: "hexpm", optional: false]}, {:ranger, ">= 1.4.0 and < 2.0.0", [hex: :ranger, repo: "hexpm", optional: false]}], "hexpm", "2ac7ba26f998e3dfaddb657148bd5ddfe966958ad4d6d6957dd0d22e5b56c400"},
  "burrito": {:hex, :burrito, "1.2.0", "88f973469edcb96bd984498fb639d3fc4dbf01b52baab072b40229f03a396789", [:mix], [{:jason, "~> 1.2", [hex: :jason, repo: "hexpm", optional: false]}, {:req, ">= 0.4.0", [hex: :req, repo: "hexpm", optional: false]}, {:typed_struct, "~> 0.2.0 or ~> 0.3.0", [hex: :typed_struct, repo: "hexpm", optional: false]}], "hexpm", "7e22158023c6558de615795ab135d27f0cbd9a0602834e3e474fe41b448afba9"},
  "clip": {:hex, :clip, "1.0.0", "997de904280f816c99643afb60861b1a8ef11bcd71cd91cdf349b5521969ca32", [:gleam], [{:gleam_stdlib, ">= 0.45.0 and < 2.0.0", [hex: :gleam_stdlib, repo: "hexpm", optional: false]}], "hexpm", "669bea23d067f89b274a0e869533d2ec7c0db1b5e650a03439c4558749945e94"},
  "envoy": {:hex, :envoy, "1.0.2", "8c693ceeb3304cedd19900bec3fab31478082e5a0e1862806bb5af206be103e5", [:gleam], [{:gleam_stdlib, "~> 0.34", [hex: :gleam_stdlib, repo: "hexpm", optional: false]}], "hexpm", "95fd059345aa982e89a0b6e2a3bf1cf43e17a7048dcd85b5b65d3b9e4e39d359"},
  "finch": {:hex, :finch, "0.19.0", "c644641491ea854fc5c1bbaef36bfc764e3f08e7185e1f084e35e0672241b76d", [:mix], [{:mime, "~> 1.0 or ~> 2.0", [hex: :mime, repo: "hexpm", optional: false]}, {:mint, "~> 1.6.2 or ~> 1.7", [hex: :mint, repo: "hexpm", optional: false]}, {:nimble_options, "~> 0.4 or ~> 1.0", [hex: :nimble_options, repo: "hexpm", optional: false]}, {:nimble_pool, "~> 1.1", [hex: :nimble_pool, repo: "hexpm", optional: false]}, {:telemetry, "~> 0.4 or ~> 1.0", [hex: :telemetry, repo: "hexpm", optional: false]}], "hexpm", "fc5324ce209125d1e2fa0fcd2634601c52a787aff1cd33ee833664a5af4ea2b6"},
  "gleam_erlang": {:hex, :gleam_erlang, "0.33.0", "d8156e5c39302590adbb22db20db75b828a3537b447d7186501e9ac57c660160", [:gleam], [{:gleam_stdlib, ">= 0.33.0 and < 2.0.0", [hex: :gleam_stdlib, repo: "hexpm", optional: false]}], "hexpm", "a1d26b80f01901b59aabee3475dd4c18d27d58fa5c897d922fcb9b099749c064"},
  "gleam_http": {:hex, :gleam_http, "3.7.2", "2082baed300b732f0b857b47a533f603315c8780e0c1ab1c4ba9d51f3f9321a1", [:gleam], [{:gleam_stdlib, ">= 0.45.0 and < 2.0.0", [hex: :gleam_stdlib, repo: "hexpm", optional: false]}], "hexpm", "8a70d2f70bb7cfeb5df048a2183ffba91af6d4cf5798504841744a16999e33d2"},
  "gleam_httpc": {:hex, :gleam_httpc, "4.0.0", "67a7cc3fe6faf0a81373c959690a0737c4ba8dbae89e35e8e3a0846bfb399ba7", [:gleam], [{:gleam_erlang, ">= 0.27.0 and < 1.0.0", [hex: :gleam_erlang, repo: "hexpm", optional: false]}, {:gleam_http, "~> 3.0", [hex: :gleam_http, repo: "hexpm", optional: false]}, {:gleam_stdlib, "~> 0.32 or ~> 1.0", [hex: :gleam_stdlib, repo: "hexpm", optional: false]}], "hexpm", "76feec99473e568eba34336a37cf3d54629ace77712950dc9bb097b5fd664664"},
  "gleam_json": {:hex, :gleam_json, "2.3.0", "f514a52d69d3033708052d27bd063f725fb552979b6c83279bda4ce52865d460", [:gleam], [{:gleam_stdlib, ">= 0.51.0 and < 2.0.0", [hex: :gleam_stdlib, repo: "hexpm", optional: false]}], "hexpm", "c55c5c2b318533a8072d221c5e06e5a75711c129e420dd1ce463342106012e5d"},
  "gleam_regexp": {:hex, :gleam_regexp, "1.0.0", "89e1dfd80fc0984a26b505ed3ba3db4c0902cbc1d561436419e26d03718beadb", [:gleam], [{:gleam_stdlib, ">= 0.34.0 and < 2.0.0", [hex: :gleam_stdlib, repo: "hexpm", optional: false]}], "hexpm", "a3655fdd288571e90ee9c4009b719fef59fa16afcdf3952a76a125af23cf1592"},
  "gleam_stdlib": {:hex, :gleam_stdlib, "0.53.0", "99a0b90d3138ee091da334008481803c243cabc12d31f1d2b4a866737753ccd2", [:gleam], [], "hexpm", "53f3e1e56f692c20fa3e0a23650ac46592464e40d8ef3ec7f364fb328e73cdf5"},
  "gleam_yielder": {:hex, :gleam_yielder, "1.1.0", "c0a3859f5919c062fd041795d665b8a7e8efcebf0920a40afde6181a63743476", [:gleam], [{:gleam_stdlib, ">= 0.34.0 and < 2.0.0", [hex: :gleam_stdlib, repo: "hexpm", optional: false]}], "hexpm", "8e4e4ecfa7982859f430c57f549200c7749823c106759f4a19a78aea6687717a"},
  "hpax": {:hex, :hpax, "1.0.2", "762df951b0c399ff67cc57c3995ec3cf46d696e41f0bba17da0518d94acd4aac", [:mix], [], "hexpm", "2f09b4c1074e0abd846747329eaa26d535be0eb3d189fa69d812bfb8bfefd32f"},
  "jason": {:hex, :jason, "1.4.4", "b9226785a9aa77b6857ca22832cffa5d5011a667207eb2a0ad56adb5db443b8a", [:mix], [{:decimal, "~> 1.0 or ~> 2.0", [hex: :decimal, repo: "hexpm", optional: true]}], "hexpm", "c5eb0cab91f094599f94d55bc63409236a8ec69a21a67814529e8d5f6cc90b3b"},
  "mime": {:hex, :mime, "2.0.6", "8f18486773d9b15f95f4f4f1e39b710045fa1de891fada4516559967276e4dc2", [:mix], [], "hexpm", "c9945363a6b26d747389aac3643f8e0e09d30499a138ad64fe8fd1d13d9b153e"},
  "mint": {:hex, :mint, "1.6.2", "af6d97a4051eee4f05b5500671d47c3a67dac7386045d87a904126fd4bbcea2e", [:mix], [{:castore, "~> 0.1.0 or ~> 1.0", [hex: :castore, repo: "hexpm", optional: true]}, {:hpax, "~> 0.1.1 or ~> 0.2.0 or ~> 1.0", [hex: :hpax, repo: "hexpm", optional: false]}], "hexpm", "5ee441dffc1892f1ae59127f74afe8fd82fda6587794278d924e4d90ea3d63f9"},
  "nimble_options": {:hex, :nimble_options, "1.1.1", "e3a492d54d85fc3fd7c5baf411d9d2852922f66e69476317787a7b2bb000a61b", [:mix], [], "hexpm", "821b2470ca9442c4b6984882fe9bb0389371b8ddec4d45a9504f00a66f650b44"},
  "nimble_pool": {:hex, :nimble_pool, "1.1.0", "bf9c29fbdcba3564a8b800d1eeb5a3c58f36e1e11d7b7fb2e084a643f645f06b", [:mix], [], "hexpm", "af2e4e6b34197db81f7aad230c1118eac993acc0dae6bc83bac0126d4ae0813a"},
  "ranger": {:hex, :ranger, "1.4.0", "19e2d236933ea18eec7bd186a85a1f88067890c8dc7006b40786b758eb07f095", [:gleam], [{:gleam_stdlib, ">= 0.48.0 and < 2.0.0", [hex: :gleam_stdlib, repo: "hexpm", optional: false]}, {:gleam_yielder, ">= 1.0.0 and < 2.0.0", [hex: :gleam_yielder, repo: "hexpm", optional: false]}], "hexpm", "c8988e8f8cdbd3e7f4d8f2e663ef76490390899c2b2885a6432e942495b3e854"},
  "req": {:hex, :req, "0.5.8", "50d8d65279d6e343a5e46980ac2a70e97136182950833a1968b371e753f6a662", [:mix], [{:brotli, "~> 0.3.1", [hex: :brotli, repo: "hexpm", optional: true]}, {:ezstd, "~> 1.0", [hex: :ezstd, repo: "hexpm", optional: true]}, {:finch, "~> 0.17", [hex: :finch, repo: "hexpm", optional: false]}, {:jason, "~> 1.0", [hex: :jason, repo: "hexpm", optional: false]}, {:mime, "~> 2.0.6 or ~> 2.1", [hex: :mime, repo: "hexpm", optional: false]}, {:nimble_csv, "~> 1.0", [hex: :nimble_csv, repo: "hexpm", optional: true]}, {:plug, "~> 1.0", [hex: :plug, repo: "hexpm", optional: true]}], "hexpm", "d7fc5898a566477e174f26887821a3c5082b243885520ee4b45555f5d53f40ef"},
  "telemetry": {:hex, :telemetry, "1.3.0", "fedebbae410d715cf8e7062c96a1ef32ec22e764197f70cda73d82778d61e7a2", [:rebar3], [], "hexpm", "7015fc8919dbe63764f4b4b87a95b7c0996bd539e0d499be6ec9d7f3875b79e6"},
  "trellis": {:hex, :trellis, "1.1.1", "c7a16c8adf9b7b8049424e634857a5ba387a6510001f5320790cf0e5a63b3e94", [:gleam], [{:gleam_stdlib, ">= 0.44.0 and < 2.0.0", [hex: :gleam_stdlib, repo: "hexpm", optional: false]}], "hexpm", "2fd53b3ea251ed543100df425539104eaba5880a6e47eb5038a36d1bb32b8ee5"},
  "typed_struct": {:hex, :typed_struct, "0.3.0", "939789e3c1dca39d7170c87f729127469d1315dcf99fee8e152bb774b17e7ff7", [:mix], [], "hexpm", "c50bd5c3a61fe4e198a8504f939be3d3c85903b382bde4865579bc23111d1b6d"},
}
